
Microsoft Visual Studio Solution File, Format Version 12.00
# Visual Studio Version 18
VisualStudioVersion = 18.3.11520.95 d18.3
MinimumVisualStudioVersion = 10.0.40219.1
Project("{FAE04EC0-301F-11D3-BF4B-00C04F79EFBC}") = "EPATA.BusinessLedger", "EPATA.BusinessLedger.csproj", "{CC1AB184-D4A6-F4F2-A4F6-FF7105F37254}"
EndProject
Global
	GlobalSection(SolutionConfigurationPlatforms) = preSolution
		Debug|Any CPU = Debug|Any CPU
		Release|Any CPU = Release|Any CPU
	EndGlobalSection
	GlobalSection(ProjectConfigurationPlatforms) = postSolution
		{CC1AB184-D4A6-F4F2-A4F6-FF7105F37254}.Debug|Any CPU.ActiveCfg = Debug|Any CPU
		{CC1AB184-D4A6-F4F2-A4F6-FF7105F37254}.Debug|Any CPU.Build.0 = Debug|Any CPU
		{CC1AB184-D4A6-F4F2-A4F6-FF7105F37254}.Release|Any CPU.ActiveCfg = Release|Any CPU
		{CC1AB184-D4A6-F4F2-A4F6-FF7105F37254}.Release|Any CPU.Build.0 = Release|Any CPU
	EndGlobalSection
	GlobalSection(SolutionProperties) = preSolution
		HideSolutionNode = FALSE
	EndGlobalSection
	GlobalSection(ExtensibilityGlobals) = postSolution
		SolutionGuid = {0F34E42C-A14A-4875-9A92-B50B1A288AD3}
	EndGlobalSection
EndGlobal
